
Microsoft Visual Studio Solution File, Format Version 12.00
# Visual Studio Version 17
VisualStudioVersion = 17.11.35303.130
MinimumVisualStudioVersion = 10.0.40219.1
Project("{2150E333-8FDC-42A3-9474-1A3956D46DE8}") = "Task0", "Task0", "{E926D5F2-3A21-42FC-AE8E-59FD7B4D3224}"
EndProject
Project("{9A19103F-16F7-4668-BE54-9A1E7A4F7556}") = "Tyuiu.NovikovAA.Sprint2.Task0.V30", "Tyuiu.NovikovAA.Sprint2.Task0.V30\Tyuiu.NovikovAA.Sprint2.Task0.V30.csproj", "{B420E370-712D-490A-AD61-23D547001811}"
EndProject
Project("{9A19103F-16F7-4668-BE54-9A1E7A4F7556}") = "Tyuiu.NovikovAA.Sprint2.Task0.V30.Lib", "Tyuiu.NovikovAA.Sprint2.Task0.V30.Lib\Tyuiu.NovikovAA.Sprint2.Task0.V30.Lib.csproj", "{A12421E6-3C9A-44A7-96CD-AA0E1E532717}"
EndProject
Project("{9A19103F-16F7-4668-BE54-9A1E7A4F7556}") = "Tyuiu.NovikovAA.Sprint2.Task0.V30.Test", "Tyuiu.NovikovAA.Sprint2.Task0.V30.Test\Tyuiu.NovikovAA.Sprint2.Task0.V30.Test.csproj", "{10D949B2-D793-4BE3-905E-303AB36C33D4}"
EndProject
Project("{2150E333-8FDC-42A3-9474-1A3956D46DE8}") = "Task1", "Task1", "{82A3AD51-58C7-4728-8828-F47C41ED2A96}"
EndProject
Project("{9A19103F-16F7-4668-BE54-9A1E7A4F7556}") = "Tyuiu.NovikovAA.Sprint2.Task1.V1", "Tyuiu.NovikovAA.Sprint2.Task1.V1\Tyuiu.NovikovAA.Sprint2.Task1.V1.csproj", "{C0A7F6D5-E7C8-462B-8ED9-AAF39DA69649}"
EndProject
Project("{9A19103F-16F7-4668-BE54-9A1E7A4F7556}") = "Tyuiu.NovikovAA.Sprint2.Task1.V1.Lib", "Tyuiu.NovikovAA.Sprint2.Task1.V1.Lib\Tyuiu.NovikovAA.Sprint2.Task1.V1.Lib.csproj", "{F5EF2FCF-9F17-4D54-9DE9-92C3B99DF1B5}"
EndProject
Project("{9A19103F-16F7-4668-BE54-9A1E7A4F7556}") = "Tyuiu.NovikovAA.Sprint2.Task1.V1.Test", "Tyuiu.NovikovAA.Sprint2.Task1.V1.Test\Tyuiu.NovikovAA.Sprint2.Task1.V1.Test.csproj", "{6B03EC42-8B29-4E08-BE07-6E85D9DD2DFA}"
EndProject
Project("{2150E333-8FDC-42A3-9474-1A3956D46DE8}") = "Task2", "Task2", "{8A870175-B698-44F3-8E6A-D89DE33C3C18}"
EndProject
Project("{9A19103F-16F7-4668-BE54-9A1E7A4F7556}") = "Tyuiu.NovikovAA.Sprint2.Task2.V27", "Tyuiu.NovikovAA.Sprint2.Task2.V27\Tyuiu.NovikovAA.Sprint2.Task2.V27.csproj", "{FDD35938-25F0-4970-B1DD-560BDB13D2A7}"
EndProject
Project("{9A19103F-16F7-4668-BE54-9A1E7A4F7556}") = "Tyuiu.NovikovAA.Sprint2.Task2.V27.Lib", "Tyuiu.NovikovAA.Sprint2.Task2.V27.Lib\Tyuiu.NovikovAA.Sprint2.Task2.V27.Lib.csproj", "{3BC85923-64A7-4819-B8A3-639F33407978}"
EndProject
Project("{9A19103F-16F7-4668-BE54-9A1E7A4F7556}") = "Tyuiu.NovikovAA.Sprint2.Task2.V27.Test", "Tyuiu.NovikovAA.Sprint2.Task2.V27.Test\Tyuiu.NovikovAA.Sprint2.Task2.V27.Test.csproj", "{086FFD8A-7D03-45D9-AD2F-3A32047622C3}"
EndProject
Project("{2150E333-8FDC-42A3-9474-1A3956D46DE8}") = "Task 3", "Task 3", "{772EF241-F499-4262-ABC8-3E97A765D6BA}"
EndProject
Project("{9A19103F-16F7-4668-BE54-9A1E7A4F7556}") = "Tyuiu.NovikovAA.Sprint2.Task3.V16", "Tyuiu.NovikovAA.Sprint2.Task3.V16\Tyuiu.NovikovAA.Sprint2.Task3.V16.csproj", "{97DF106B-77DC-460F-9D04-E3B628864249}"
EndProject
Project("{9A19103F-16F7-4668-BE54-9A1E7A4F7556}") = "Tyuiu.NovikovAA.Sprint2.Task3.V16.Lib", "Tyuiu.NovikovAA.Sprint2.Task3.V16.Lib\Tyuiu.NovikovAA.Sprint2.Task3.V16.Lib.csproj", "{06196577-245A-4A0D-94C3-0D5E74EBF150}"
EndProject
Project("{9A19103F-16F7-4668-BE54-9A1E7A4F7556}") = "Tyuiu.NovikovAA.Sprint2.Task3.V16.Test", "Tyuiu.NovikovAA.Sprint2.Task3.V16.Test\Tyuiu.NovikovAA.Sprint2.Task3.V16.Test.csproj", "{720A0EEB-8161-4816-8E57-40A791590C0D}"
EndProject
Project("{2150E333-8FDC-42A3-9474-1A3956D46DE8}") = "Task4", "Task4", "{2F0F6F2B-73D6-4681-89B2-93DA2E0B88B7}"
EndProject
Project("{9A19103F-16F7-4668-BE54-9A1E7A4F7556}") = "Tyuiu.NovikovAA.Sprint2.Task4.V20", "Tyuiu.NovikovAA.Sprint2.Task4.V20\Tyuiu.NovikovAA.Sprint2.Task4.V20.csproj", "{2E2B7A3F-6E75-422E-9566-7F88616D8A16}"
EndProject
Project("{9A19103F-16F7-4668-BE54-9A1E7A4F7556}") = "Tyuiu.NovikovAA.Sprint2.Task4.V20.Lib", "Tyuiu.NovikovAA.Sprint2.Task4.V20.Lib\Tyuiu.NovikovAA.Sprint2.Task4.V20.Lib.csproj", "{5D7030EB-42B9-4327-AE65-EA92D1173744}"
EndProject
Project("{9A19103F-16F7-4668-BE54-9A1E7A4F7556}") = "Tyuiu.NovikovAA.Sprint2.Task4.V20.Test", "Tyuiu.NovikovAA.Sprint2.Task4.V20.Test\Tyuiu.NovikovAA.Sprint2.Task4.V20.Test.csproj", "{3E720941-1CCC-4052-8243-C7D56949C6E7}"
EndProject
Project("{2150E333-8FDC-42A3-9474-1A3956D46DE8}") = "Task5", "Task5", "{DE468102-7133-4F3A-BB09-DA83F115F6B8}"
EndProject
Project("{9A19103F-16F7-4668-BE54-9A1E7A4F7556}") = "Tyuiu.NovikovAA.Sprint2.Task5.V15", "Tyuiu.NovikovAA.Sprint2.Task5.V15\Tyuiu.NovikovAA.Sprint2.Task5.V15.csproj", "{BEA7BB31-EFFE-4698-9A44-B6AD65635588}"
EndProject
Project("{9A19103F-16F7-4668-BE54-9A1E7A4F7556}") = "Tyuiu.NovikovAA.Sprint2.Task5.V15.Lib", "Tyuiu.NovikovAA.Sprint2.Task5.V15.Lib\Tyuiu.NovikovAA.Sprint2.Task5.V15.Lib.csproj", "{79903903-5585-4F44-BB50-CBAC10494EDC}"
EndProject
Project("{9A19103F-16F7-4668-BE54-9A1E7A4F7556}") = "Tyuiu.NovikovAA.Sprint2.Task5.V15.Test", "Tyuiu.NovikovAA.Sprint2.Task5.V15.Test\Tyuiu.NovikovAA.Sprint2.Task5.V15.Test.csproj", "{6C4CB33C-E78D-4D1D-9FF1-C3FB08C3D03C}"
EndProject
Project("{2150E333-8FDC-42A3-9474-1A3956D46DE8}") = "Task6", "Task6", "{0D4D5D72-D229-4F6C-925C-55FCBDFC187C}"
EndProject
Project("{9A19103F-16F7-4668-BE54-9A1E7A4F7556}") = "Tyuiu.NovikovAA.Sprint2.Task6.V14", "Tyuiu.NovikovAA.Sprint2.Task6.V14\Tyuiu.NovikovAA.Sprint2.Task6.V14.csproj", "{3A0BA258-D322-4669-915E-098A318B7D26}"
EndProject
Project("{9A19103F-16F7-4668-BE54-9A1E7A4F7556}") = "Tyuiu.NovikovAA.Sprint2.Task6.V14.Lib", "Tyuiu.NovikovAA.Sprint2.Task6.V14.Lib\Tyuiu.NovikovAA.Sprint2.Task6.V14.Lib.csproj", "{B3144677-676C-4B7C-BA82-D880CA48002F}"
EndProject
Project("{9A19103F-16F7-4668-BE54-9A1E7A4F7556}") = "Tyuiu.NovikovAA.Sprint2.Task6.V14.Test", "Tyuiu.NovikovAA.Sprint2.Task6.V14.Test\Tyuiu.NovikovAA.Sprint2.Task6.V14.Test.csproj", "{8DB97201-B427-40B4-9EC2-B5DDFE8758EC}"
EndProject
Project("{2150E333-8FDC-42A3-9474-1A3956D46DE8}") = "Task7", "Task7", "{4A3ECE3B-D213-4505-8E71-110121B890FE}"
EndProject
Project("{FAE04EC0-301F-11D3-BF4B-00C04F79EFBC}") = "Tyuiu.NovikovAA.Sprint2.Task7.V8", "Tyuiu.NovikovAA.Sprint2.Task7.V8\Tyuiu.NovikovAA.Sprint2.Task7.V8.csproj", "{015375AE-59FA-45FC-BDFA-EDF49109057D}"
EndProject
Project("{FAE04EC0-301F-11D3-BF4B-00C04F79EFBC}") = "Tyuiu.NovikovAA.Sprint2.Task7.V8.Lib", "Tyuiu.NovikovAA.Sprint2.Task7.V8.Lib\Tyuiu.NovikovAA.Sprint2.Task7.V8.Lib.csproj", "{180D0297-7F35-4D9F-9BB4-4A37C8A9BDE5}"
EndProject
Project("{FAE04EC0-301F-11D3-BF4B-00C04F79EFBC}") = "Tyuiu.NovikovAA.Sprint2.Task7.V8.Test", "Tyuiu.NovikovAA.Sprint2.Task7.V8.Test\Tyuiu.NovikovAA.Sprint2.Task7.V8.Test.csproj", "{305CBB87-04E0-4A8D-88EB-4D6DB7CEA4FC}"
EndProject
Global
	GlobalSection(SolutionConfigurationPlatforms) = preSolution
		Debug|Any CPU = Debug|Any CPU
		Release|Any CPU = Release|Any CPU
	EndGlobalSection
	GlobalSection(ProjectConfigurationPlatforms) = postSolution
		{B420E370-712D-490A-AD61-23D547001811}.Debug|Any CPU.ActiveCfg = Debug|Any CPU
		{B420E370-712D-490A-AD61-23D547001811}.Debug|Any CPU.Build.0 = Debug|Any CPU
		{B420E370-712D-490A-AD61-23D547001811}.Release|Any CPU.ActiveCfg = Release|Any CPU
		{B420E370-712D-490A-AD61-23D547001811}.Release|Any CPU.Build.0 = Release|Any CPU
		{A12421E6-3C9A-44A7-96CD-AA0E1E532717}.Debug|Any CPU.ActiveCfg = Debug|Any CPU
		{A12421E6-3C9A-44A7-96CD-AA0E1E532717}.Debug|Any CPU.Build.0 = Debug|Any CPU
		{A12421E6-3C9A-44A7-96CD-AA0E1E532717}.Release|Any CPU.ActiveCfg = Release|Any CPU
		{A12421E6-3C9A-44A7-96CD-AA0E1E532717}.Release|Any CPU.Build.0 = Release|Any CPU
		{10D949B2-D793-4BE3-905E-303AB36C33D4}.Debug|Any CPU.ActiveCfg = Debug|Any CPU
		{10D949B2-D793-4BE3-905E-303AB36C33D4}.Debug|Any CPU.Build.0 = Debug|Any CPU
		{10D949B2-D793-4BE3-905E-303AB36C33D4}.Release|Any CPU.ActiveCfg = Release|Any CPU
		{10D949B2-D793-4BE3-905E-303AB36C33D4}.Release|Any CPU.Build.0 = Release|Any CPU
		{C0A7F6D5-E7C8-462B-8ED9-AAF39DA69649}.Debug|Any CPU.ActiveCfg = Debug|Any CPU
		{C0A7F6D5-E7C8-462B-8ED9-AAF39DA69649}.Debug|Any CPU.Build.0 = Debug|Any CPU
		{C0A7F6D5-E7C8-462B-8ED9-AAF39DA69649}.Release|Any CPU.ActiveCfg = Release|Any CPU
		{C0A7F6D5-E7C8-462B-8ED9-AAF39DA69649}.Release|Any CPU.Build.0 = Release|Any CPU
		{F5EF2FCF-9F17-4D54-9DE9-92C3B99DF1B5}.Debug|Any CPU.ActiveCfg = Debug|Any CPU
		{F5EF2FCF-9F17-4D54-9DE9-92C3B99DF1B5}.Debug|Any CPU.Build.0 = Debug|Any CPU
		{F5EF2FCF-9F17-4D54-9DE9-92C3B99DF1B5}.Release|Any CPU.ActiveCfg = Release|Any CPU
		{F5EF2FCF-9F17-4D54-9DE9-92C3B99DF1B5}.Release|Any CPU.Build.0 = Release|Any CPU
		{6B03EC42-8B29-4E08-BE07-6E85D9DD2DFA}.Debug|Any CPU.ActiveCfg = Debug|Any CPU
		{6B03EC42-8B29-4E08-BE07-6E85D9DD2DFA}.Debug|Any CPU.Build.0 = Debug|Any CPU
		{6B03EC42-8B29-4E08-BE07-6E85D9DD2DFA}.Release|Any CPU.ActiveCfg = Release|Any CPU
		{6B03EC42-8B29-4E08-BE07-6E85D9DD2DFA}.Release|Any CPU.Build.0 = Release|Any CPU
		{FDD35938-25F0-4970-B1DD-560BDB13D2A7}.Debug|Any CPU.ActiveCfg = Debug|Any CPU
		{FDD35938-25F0-4970-B1DD-560BDB13D2A7}.Debug|Any CPU.Build.0 = Debug|Any CPU
		{FDD35938-25F0-4970-B1DD-560BDB13D2A7}.Release|Any CPU.ActiveCfg = Release|Any CPU
		{FDD35938-25F0-4970-B1DD-560BDB13D2A7}.Release|Any CPU.Build.0 = Release|Any CPU
		{3BC85923-64A7-4819-B8A3-639F33407978}.Debug|Any CPU.ActiveCfg = Debug|Any CPU
		{3BC85923-64A7-4819-B8A3-639F33407978}.Debug|Any CPU.Build.0 = Debug|Any CPU
		{3BC85923-64A7-4819-B8A3-639F33407978}.Release|Any CPU.ActiveCfg = Release|Any CPU
		{3BC85923-64A7-4819-B8A3-639F33407978}.Release|Any CPU.Build.0 = Release|Any CPU
		{086FFD8A-7D03-45D9-AD2F-3A32047622C3}.Debug|Any CPU.ActiveCfg = Debug|Any CPU
		{086FFD8A-7D03-45D9-AD2F-3A32047622C3}.Debug|Any CPU.Build.0 = Debug|Any CPU
		{086FFD8A-7D03-45D9-AD2F-3A32047622C3}.Release|Any CPU.ActiveCfg = Release|Any CPU
		{086FFD8A-7D03-45D9-AD2F-3A32047622C3}.Release|Any CPU.Build.0 = Release|Any CPU
		{97DF106B-77DC-460F-9D04-E3B628864249}.Debug|Any CPU.ActiveCfg = Debug|Any CPU
		{97DF106B-77DC-460F-9D04-E3B628864249}.Debug|Any CPU.Build.0 = Debug|Any CPU
		{97DF106B-77DC-460F-9D04-E3B628864249}.Release|Any CPU.ActiveCfg = Release|Any CPU
		{97DF106B-77DC-460F-9D04-E3B628864249}.Release|Any CPU.Build.0 = Release|Any CPU
		{06196577-245A-4A0D-94C3-0D5E74EBF150}.Debug|Any CPU.ActiveCfg = Debug|Any CPU
		{06196577-245A-4A0D-94C3-0D5E74EBF150}.Debug|Any CPU.Build.0 = Debug|Any CPU
		{06196577-245A-4A0D-94C3-0D5E74EBF150}.Release|Any CPU.ActiveCfg = Release|Any CPU
		{06196577-245A-4A0D-94C3-0D5E74EBF150}.Release|Any CPU.Build.0 = Release|Any CPU
		{720A0EEB-8161-4816-8E57-40A791590C0D}.Debug|Any CPU.ActiveCfg = Debug|Any CPU
		{720A0EEB-8161-4816-8E57-40A791590C0D}.Debug|Any CPU.Build.0 = Debug|Any CPU
		{720A0EEB-8161-4816-8E57-40A791590C0D}.Release|Any CPU.ActiveCfg = Release|Any CPU
		{720A0EEB-8161-4816-8E57-40A791590C0D}.Release|Any CPU.Build.0 = Release|Any CPU
		{2E2B7A3F-6E75-422E-9566-7F88616D8A16}.Debug|Any CPU.ActiveCfg = Debug|Any CPU
		{2E2B7A3F-6E75-422E-9566-7F88616D8A16}.Debug|Any CPU.Build.0 = Debug|Any CPU
		{2E2B7A3F-6E75-422E-9566-7F88616D8A16}.Release|Any CPU.ActiveCfg = Release|Any CPU
		{2E2B7A3F-6E75-422E-9566-7F88616D8A16}.Release|Any CPU.Build.0 = Release|Any CPU
		{5D7030EB-42B9-4327-AE65-EA92D1173744}.Debug|Any CPU.ActiveCfg = Debug|Any CPU
		{5D7030EB-42B9-4327-AE65-EA92D1173744}.Debug|Any CPU.Build.0 = Debug|Any CPU
		{5D7030EB-42B9-4327-AE65-EA92D1173744}.Release|Any CPU.ActiveCfg = Release|Any CPU
		{5D7030EB-42B9-4327-AE65-EA92D1173744}.Release|Any CPU.Build.0 = Release|Any CPU
		{3E720941-1CCC-4052-8243-C7D56949C6E7}.Debug|Any CPU.ActiveCfg = Debug|Any CPU
		{3E720941-1CCC-4052-8243-C7D56949C6E7}.Debug|Any CPU.Build.0 = Debug|Any CPU
		{3E720941-1CCC-4052-8243-C7D56949C6E7}.Release|Any CPU.ActiveCfg = Release|Any CPU
		{3E720941-1CCC-4052-8243-C7D56949C6E7}.Release|Any CPU.Build.0 = Release|Any CPU
		{BEA7BB31-EFFE-4698-9A44-B6AD65635588}.Debug|Any CPU.ActiveCfg = Debug|Any CPU
		{BEA7BB31-EFFE-4698-9A44-B6AD65635588}.Debug|Any CPU.Build.0 = Debug|Any CPU
		{BEA7BB31-EFFE-4698-9A44-B6AD65635588}.Release|Any CPU.ActiveCfg = Release|Any CPU
		{BEA7BB31-EFFE-4698-9A44-B6AD65635588}.Release|Any CPU.Build.0 = Release|Any CPU
		{79903903-5585-4F44-BB50-CBAC10494EDC}.Debug|Any CPU.ActiveCfg = Debug|Any CPU
		{79903903-5585-4F44-BB50-CBAC10494EDC}.Debug|Any CPU.Build.0 = Debug|Any CPU
		{79903903-5585-4F44-BB50-CBAC10494EDC}.Release|Any CPU.ActiveCfg = Release|Any CPU
		{79903903-5585-4F44-BB50-CBAC10494EDC}.Release|Any CPU.Build.0 = Release|Any CPU
		{6C4CB33C-E78D-4D1D-9FF1-C3FB08C3D03C}.Debug|Any CPU.ActiveCfg = Debug|Any CPU
		{6C4CB33C-E78D-4D1D-9FF1-C3FB08C3D03C}.Debug|Any CPU.Build.0 = Debug|Any CPU
		{6C4CB33C-E78D-4D1D-9FF1-C3FB08C3D03C}.Release|Any CPU.ActiveCfg = Release|Any CPU
		{6C4CB33C-E78D-4D1D-9FF1-C3FB08C3D03C}.Release|Any CPU.Build.0 = Release|Any CPU
		{3A0BA258-D322-4669-915E-098A318B7D26}.Debug|Any CPU.ActiveCfg = Debug|Any CPU
		{3A0BA258-D322-4669-915E-098A318B7D26}.Debug|Any CPU.Build.0 = Debug|Any CPU
		{3A0BA258-D322-4669-915E-098A318B7D26}.Release|Any CPU.ActiveCfg = Release|Any CPU
		{3A0BA258-D322-4669-915E-098A318B7D26}.Release|Any CPU.Build.0 = Release|Any CPU
		{B3144677-676C-4B7C-BA82-D880CA48002F}.Debug|Any CPU.ActiveCfg = Debug|Any CPU
		{B3144677-676C-4B7C-BA82-D880CA48002F}.Debug|Any CPU.Build.0 = Debug|Any CPU
		{B3144677-676C-4B7C-BA82-D880CA48002F}.Release|Any CPU.ActiveCfg = Release|Any CPU
		{B3144677-676C-4B7C-BA82-D880CA48002F}.Release|Any CPU.Build.0 = Release|Any CPU
		{8DB97201-B427-40B4-9EC2-B5DDFE8758EC}.Debug|Any CPU.ActiveCfg = Debug|Any CPU
		{8DB97201-B427-40B4-9EC2-B5DDFE8758EC}.Debug|Any CPU.Build.0 = Debug|Any CPU
		{8DB97201-B427-40B4-9EC2-B5DDFE8758EC}.Release|Any CPU.ActiveCfg = Release|Any CPU
		{8DB97201-B427-40B4-9EC2-B5DDFE8758EC}.Release|Any CPU.Build.0 = Release|Any CPU
		{015375AE-59FA-45FC-BDFA-EDF49109057D}.Debug|Any CPU.ActiveCfg = Debug|Any CPU
		{015375AE-59FA-45FC-BDFA-EDF49109057D}.Debug|Any CPU.Build.0 = Debug|Any CPU
		{015375AE-59FA-45FC-BDFA-EDF49109057D}.Release|Any CPU.ActiveCfg = Release|Any CPU
		{015375AE-59FA-45FC-BDFA-EDF49109057D}.Release|Any CPU.Build.0 = Release|Any CPU
		{180D0297-7F35-4D9F-9BB4-4A37C8A9BDE5}.Debug|Any CPU.ActiveCfg = Debug|Any CPU
		{180D0297-7F35-4D9F-9BB4-4A37C8A9BDE5}.Debug|Any CPU.Build.0 = Debug|Any CPU
		{180D0297-7F35-4D9F-9BB4-4A37C8A9BDE5}.Release|Any CPU.ActiveCfg = Release|Any CPU
		{180D0297-7F35-4D9F-9BB4-4A37C8A9BDE5}.Release|Any CPU.Build.0 = Release|Any CPU
		{305CBB87-04E0-4A8D-88EB-4D6DB7CEA4FC}.Debug|Any CPU.ActiveCfg = Debug|Any CPU
		{305CBB87-04E0-4A8D-88EB-4D6DB7CEA4FC}.Debug|Any CPU.Build.0 = Debug|Any CPU
		{305CBB87-04E0-4A8D-88EB-4D6DB7CEA4FC}.Release|Any CPU.ActiveCfg = Release|Any CPU
		{305CBB87-04E0-4A8D-88EB-4D6DB7CEA4FC}.Release|Any CPU.Build.0 = Release|Any CPU
	EndGlobalSection
	GlobalSection(SolutionProperties) = preSolution
		HideSolutionNode = FALSE
	EndGlobalSection
	GlobalSection(NestedProjects) = preSolution
		{B420E370-712D-490A-AD61-23D547001811} = {E926D5F2-3A21-42FC-AE8E-59FD7B4D3224}
		{A12421E6-3C9A-44A7-96CD-AA0E1E532717} = {E926D5F2-3A21-42FC-AE8E-59FD7B4D3224}
		{10D949B2-D793-4BE3-905E-303AB36C33D4} = {E926D5F2-3A21-42FC-AE8E-59FD7B4D3224}
		{C0A7F6D5-E7C8-462B-8ED9-AAF39DA69649} = {82A3AD51-58C7-4728-8828-F47C41ED2A96}
		{F5EF2FCF-9F17-4D54-9DE9-92C3B99DF1B5} = {82A3AD51-58C7-4728-8828-F47C41ED2A96}
		{6B03EC42-8B29-4E08-BE07-6E85D9DD2DFA} = {82A3AD51-58C7-4728-8828-F47C41ED2A96}
		{FDD35938-25F0-4970-B1DD-560BDB13D2A7} = {8A870175-B698-44F3-8E6A-D89DE33C3C18}
		{3BC85923-64A7-4819-B8A3-639F33407978} = {8A870175-B698-44F3-8E6A-D89DE33C3C18}
		{086FFD8A-7D03-45D9-AD2F-3A32047622C3} = {8A870175-B698-44F3-8E6A-D89DE33C3C18}
		{97DF106B-77DC-460F-9D04-E3B628864249} = {772EF241-F499-4262-ABC8-3E97A765D6BA}
		{06196577-245A-4A0D-94C3-0D5E74EBF150} = {772EF241-F499-4262-ABC8-3E97A765D6BA}
		{720A0EEB-8161-4816-8E57-40A791590C0D} = {772EF241-F499-4262-ABC8-3E97A765D6BA}
		{2E2B7A3F-6E75-422E-9566-7F88616D8A16} = {2F0F6F2B-73D6-4681-89B2-93DA2E0B88B7}
		{5D7030EB-42B9-4327-AE65-EA92D1173744} = {2F0F6F2B-73D6-4681-89B2-93DA2E0B88B7}
		{3E720941-1CCC-4052-8243-C7D56949C6E7} = {2F0F6F2B-73D6-4681-89B2-93DA2E0B88B7}
		{BEA7BB31-EFFE-4698-9A44-B6AD65635588} = {DE468102-7133-4F3A-BB09-DA83F115F6B8}
		{79903903-5585-4F44-BB50-CBAC10494EDC} = {DE468102-7133-4F3A-BB09-DA83F115F6B8}
		{6C4CB33C-E78D-4D1D-9FF1-C3FB08C3D03C} = {DE468102-7133-4F3A-BB09-DA83F115F6B8}
		{3A0BA258-D322-4669-915E-098A318B7D26} = {0D4D5D72-D229-4F6C-925C-55FCBDFC187C}
		{B3144677-676C-4B7C-BA82-D880CA48002F} = {0D4D5D72-D229-4F6C-925C-55FCBDFC187C}
		{8DB97201-B427-40B4-9EC2-B5DDFE8758EC} = {0D4D5D72-D229-4F6C-925C-55FCBDFC187C}
		{015375AE-59FA-45FC-BDFA-EDF49109057D} = {4A3ECE3B-D213-4505-8E71-110121B890FE}
		{180D0297-7F35-4D9F-9BB4-4A37C8A9BDE5} = {4A3ECE3B-D213-4505-8E71-110121B890FE}
		{305CBB87-04E0-4A8D-88EB-4D6DB7CEA4FC} = {4A3ECE3B-D213-4505-8E71-110121B890FE}
	EndGlobalSection
	GlobalSection(ExtensibilityGlobals) = postSolution
		SolutionGuid = {81B153B2-6A50-4A27-B88E-070C36507504}
	EndGlobalSection
EndGlobal
